
Microsoft Visual Studio Solution File, Format Version 12.00
# Visual Studio Version 16
VisualStudioVersion = 16.0.34031.81
MinimumVisualStudioVersion = 10.0.40219.1
Project("{2150E333-8FDC-42A3-9474-1A3956D46DE8}") = "Task0", "Task0", "{66761495-AB98-4AE5-ACAE-150276AA3EBD}"
EndProject
Project("{FAE04EC0-301F-11D3-BF4B-00C04F79EFBC}") = "Tyuiu.MartysevichAD.Sprint1.Task0.V6", "Tyuiu.MartysevichAD.Sprint1.Task0.V0\Tyuiu.MartysevichAD.Sprint1.Task0.V6.csproj", "{586CE094-1CDB-4198-9FB2-A4731D72202A}"
EndProject
Project("{FAE04EC0-301F-11D3-BF4B-00C04F79EFBC}") = "Tyuiu.MartysevichAD.Sprint1.Task0.V6.Lib", "Tyuiu.MartysevichAD.Sprint1.Task0.V0.Lib\Tyuiu.MartysevichAD.Sprint1.Task0.V6.Lib.csproj", "{31FDE645-DB88-49B0-82FE-F77533FC6E42}"
EndProject
Project("{FAE04EC0-301F-11D3-BF4B-00C04F79EFBC}") = "Tyuiu.MartysevichAD.Sprint1.Task0.V6.Test", "Tyuiu.MartysevichAD.Sprint1.Task0.V0.Test\Tyuiu.MartysevichAD.Sprint1.Task0.V6.Test.csproj", "{FD41C5D7-EBE0-40B1-A173-C44276868B82}"
EndProject
Project("{2150E333-8FDC-42A3-9474-1A3956D46DE8}") = "Task1", "Task1", "{ECE70E60-EEA0-47A2-9C86-9E09F216119F}"
EndProject
Project("{FAE04EC0-301F-11D3-BF4B-00C04F79EFBC}") = "Tyuiu.MartysevichAD.Sprint1.Task1.V20", "Tyuiu.MartysevichAD.Sprint1.Task1.V20\Tyuiu.MartysevichAD.Sprint1.Task1.V20.csproj", "{3017EAA2-460F-4719-A4FE-17ACA6F2158F}"
EndProject
Project("{FAE04EC0-301F-11D3-BF4B-00C04F79EFBC}") = "Tyuiu.MartysevichAD.Sprint1.Task1.V20.Test", "Tyuiu.MartysevichAD.Sprint1.Task1.V20.Test\Tyuiu.MartysevichAD.Sprint1.Task1.V20.Test.csproj", "{7B3C63C8-DF04-40A1-A103-735970084866}"
EndProject
Project("{FAE04EC0-301F-11D3-BF4B-00C04F79EFBC}") = "Tyuiu.MartysevichAD.Sprint1.Task1.V20.Lib", "Tyuiu.MartysevichAD.Sprint1.Task1.V20.Lib\Tyuiu.MartysevichAD.Sprint1.Task1.V20.Lib.csproj", "{98498CF6-8723-4ACD-A761-5EBED6F34289}"
EndProject
Project("{2150E333-8FDC-42A3-9474-1A3956D46DE8}") = "Task2", "Task2", "{46C3DA5B-1A0E-46FC-926C-826A7CC138D4}"
EndProject
Project("{FAE04EC0-301F-11D3-BF4B-00C04F79EFBC}") = "Tyuiu.MartysevichAD.Sprint1.Task2.V11", "Tyuiu.MartysevichAD.Sprint1.Task2.V11\Tyuiu.MartysevichAD.Sprint1.Task2.V11.csproj", "{3B88D72A-8127-4C76-9C01-6C680B5EE9A3}"
EndProject
Project("{FAE04EC0-301F-11D3-BF4B-00C04F79EFBC}") = "Tyuiu.MartysevichAD.Sprint1.Task2.V11.Test", "Tyuiu.MartysevichAD.Sprint1.Task2.V11.Test\Tyuiu.MartysevichAD.Sprint1.Task2.V11.Test.csproj", "{68A78C16-A4E8-423B-9F27-30E652047BEB}"
EndProject
Project("{FAE04EC0-301F-11D3-BF4B-00C04F79EFBC}") = "Tyuiu.MartysevichAD.Sprint1.Task2.V11.Lib", "Tyuiu.MartysevichAD.Sprint1.Task2.V11.Lib\Tyuiu.MartysevichAD.Sprint1.Task2.V11.Lib.csproj", "{02AE6044-FDC2-4BCA-9310-5766103D5088}"
EndProject
Project("{2150E333-8FDC-42A3-9474-1A3956D46DE8}") = "Task3", "Task3", "{CB405D65-AC88-4AA6-B4D0-08F0725DA96B}"
EndProject
Project("{FAE04EC0-301F-11D3-BF4B-00C04F79EFBC}") = "Tyuiu.MartysevichAD.Sprint1.Task3.V7", "Tyuiu.MartysevichAD.Sprint1.Task3.V7\Tyuiu.MartysevichAD.Sprint1.Task3.V7.csproj", "{98CAF122-EDDD-4A44-B076-999E07408D0C}"
EndProject
Project("{FAE04EC0-301F-11D3-BF4B-00C04F79EFBC}") = "Tyuiu.MartysevichAD.Sprint1.Task3.V7.Lib", "Tyuiu.MartysevichAD.Sprint1.Task3.V7.Lib\Tyuiu.MartysevichAD.Sprint1.Task3.V7.Lib.csproj", "{165C6ED0-DA73-4985-903C-5C040BBD7E7B}"
EndProject
Project("{FAE04EC0-301F-11D3-BF4B-00C04F79EFBC}") = "Tyuiu.MartysevichAD.Sprint1.Task3.V7.Test", "Tyuiu.MartysevichAD.Sprint1.Task3.V7.Test\Tyuiu.MartysevichAD.Sprint1.Task3.V7.Test.csproj", "{960B026C-B23C-4E29-A9D5-2C3B77E101D2}"
EndProject
Project("{2150E333-8FDC-42A3-9474-1A3956D46DE8}") = "Task4", "Task4", "{D09630FB-3790-419D-8A66-B0AFD1C3BCD6}"
EndProject
Project("{FAE04EC0-301F-11D3-BF4B-00C04F79EFBC}") = "Tyuiu.MartysevichAD.Sprint1.Task4.V11.Test", "Tyuiu.MartysevichAD.Sprint1.Task4.V11.Test\Tyuiu.MartysevichAD.Sprint1.Task4.V11.Test.csproj", "{2D9644EA-D275-422E-8FE2-9442F54D3F36}"
EndProject
Project("{FAE04EC0-301F-11D3-BF4B-00C04F79EFBC}") = "Tyuiu.MartysevichAD.Sprint1.Task4.V11.Lib", "Tyuiu.MartysevichAD.Sprint1.Task4.V11.Lib\Tyuiu.MartysevichAD.Sprint1.Task4.V11.Lib.csproj", "{31113289-061C-4E16-B00B-6E1B7AF7DCEF}"
EndProject
Project("{FAE04EC0-301F-11D3-BF4B-00C04F79EFBC}") = "Tyuiu.MartysevichAD.Sprint1.Task4.V11", "Tyuiu.MartysevichAD.Sprint1.Task4.V11\Tyuiu.MartysevichAD.Sprint1.Task4.V11.csproj", "{AC913D77-24D1-40F6-9231-5826C31FA129}"
EndProject
Project("{2150E333-8FDC-42A3-9474-1A3956D46DE8}") = "Task5", "Task5", "{3BEE26C8-7146-40DC-BF8D-652308A86CD6}"
EndProject
Project("{FAE04EC0-301F-11D3-BF4B-00C04F79EFBC}") = "Tyuiu.MartysevichAD.Sprint1.Task5.V1", "Tyuiu.MartysevichAD.Sprint1.Task5.V1\Tyuiu.MartysevichAD.Sprint1.Task5.V1.csproj", "{121FCE46-4E0E-4D28-929A-3065A3D8B194}"
EndProject
Project("{FAE04EC0-301F-11D3-BF4B-00C04F79EFBC}") = "Tyuiu.MartysevichAD.Sprint1.Task5.V1.Lib", "Tyuiu.MartysevichAD.Sprint1.Task5.V1.Lib\Tyuiu.MartysevichAD.Sprint1.Task5.V1.Lib.csproj", "{0D48651C-0DFE-4D47-8161-44D99C49DB93}"
EndProject
Project("{FAE04EC0-301F-11D3-BF4B-00C04F79EFBC}") = "Tyuiu.MartysevichAD.Sprint1.Task5.V1.Test", "Tyuiu.MartysevichAD.Sprint1.Task5.V1.Test\Tyuiu.MartysevichAD.Sprint1.Task5.V1.Test.csproj", "{C3A15909-AC0C-428A-AAB2-B5913D543531}"
EndProject
Project("{2150E333-8FDC-42A3-9474-1A3956D46DE8}") = "Task6", "Task6", "{A642227F-2F23-486F-A988-48EC90C56DD7}"
EndProject
Project("{FAE04EC0-301F-11D3-BF4B-00C04F79EFBC}") = "Tyuiu.MartysevichAD.Sprint1.Task6.V11.Test", "Tyuiu.MartysevichAD.Sprint1.Task6.V11.Test\Tyuiu.MartysevichAD.Sprint1.Task6.V11.Test.csproj", "{4832521F-706C-4B80-A6AE-37390A913E7E}"
EndProject
Project("{FAE04EC0-301F-11D3-BF4B-00C04F79EFBC}") = "Tyuiu.MartysevichAD.Sprint1.Task6.V11", "Tyuiu.MartysevichAD.Sprint1.Task6.V11\Tyuiu.MartysevichAD.Sprint1.Task6.V11.csproj", "{9C8A1D13-1AE6-4B61-86A6-6F3AE29A21FA}"
EndProject
Project("{FAE04EC0-301F-11D3-BF4B-00C04F79EFBC}") = "Tyuiu.MartysevichAD.Sprint1.Task6.V11.Lib", "Tyuiu.MartysevichAD.Sprint1.Task6.V11.Lib\Tyuiu.MartysevichAD.Sprint1.Task6.V11.Lib.csproj", "{82808279-EF89-4EEC-A983-3ABCB96879BB}"
EndProject
Project("{2150E333-8FDC-42A3-9474-1A3956D46DE8}") = "Task7", "Task7", "{97C9E639-CBC2-4A06-B174-46B9E8C2090E}"
EndProject
Project("{FAE04EC0-301F-11D3-BF4B-00C04F79EFBC}") = "Tyuiu.MartysevichAD.Sprint1.Task7.V8", "Tyuiu.MartysevichAD.Sprint1.Task7.V8\Tyuiu.MartysevichAD.Sprint1.Task7.V8.csproj", "{855F54FA-75B5-46A3-830A-1FAF9A4A6165}"
EndProject
Project("{FAE04EC0-301F-11D3-BF4B-00C04F79EFBC}") = "Tyuiu.MartysevichAD.Sprint1.Task7.V8.Lib", "Tyuiu.MartysevichAD.Sprint1.Task7.V8.Lib\Tyuiu.MartysevichAD.Sprint1.Task7.V8.Lib.csproj", "{3C379013-E657-475D-9358-B3E09C32F24D}"
EndProject
Project("{FAE04EC0-301F-11D3-BF4B-00C04F79EFBC}") = "Tyuiu.MartysevichAD.Sprint1.Task7.V8.Test", "Tyuiu.MartysevichAD.Sprint1.Task7.V8.Test\Tyuiu.MartysevichAD.Sprint1.Task7.V8.Test.csproj", "{2FB8B2BA-BA4F-421F-9CCF-E385C5674D6E}"
EndProject
Global
	GlobalSection(SolutionConfigurationPlatforms) = preSolution
		Debug|Any CPU = Debug|Any CPU
		Release|Any CPU = Release|Any CPU
	EndGlobalSection
	GlobalSection(ProjectConfigurationPlatforms) = postSolution
		{586CE094-1CDB-4198-9FB2-A4731D72202A}.Debug|Any CPU.ActiveCfg = Debug|Any CPU
		{586CE094-1CDB-4198-9FB2-A4731D72202A}.Debug|Any CPU.Build.0 = Debug|Any CPU
		{586CE094-1CDB-4198-9FB2-A4731D72202A}.Release|Any CPU.ActiveCfg = Release|Any CPU
		{586CE094-1CDB-4198-9FB2-A4731D72202A}.Release|Any CPU.Build.0 = Release|Any CPU
		{31FDE645-DB88-49B0-82FE-F77533FC6E42}.Debug|Any CPU.ActiveCfg = Debug|Any CPU
		{31FDE645-DB88-49B0-82FE-F77533FC6E42}.Debug|Any CPU.Build.0 = Debug|Any CPU
		{31FDE645-DB88-49B0-82FE-F77533FC6E42}.Release|Any CPU.ActiveCfg = Release|Any CPU
		{31FDE645-DB88-49B0-82FE-F77533FC6E42}.Release|Any CPU.Build.0 = Release|Any CPU
		{FD41C5D7-EBE0-40B1-A173-C44276868B82}.Debug|Any CPU.ActiveCfg = Debug|Any CPU
		{FD41C5D7-EBE0-40B1-A173-C44276868B82}.Debug|Any CPU.Build.0 = Debug|Any CPU
		{FD41C5D7-EBE0-40B1-A173-C44276868B82}.Release|Any CPU.ActiveCfg = Release|Any CPU
		{FD41C5D7-EBE0-40B1-A173-C44276868B82}.Release|Any CPU.Build.0 = Release|Any CPU
		{3017EAA2-460F-4719-A4FE-17ACA6F2158F}.Debug|Any CPU.ActiveCfg = Debug|Any CPU
		{3017EAA2-460F-4719-A4FE-17ACA6F2158F}.Debug|Any CPU.Build.0 = Debug|Any CPU
		{3017EAA2-460F-4719-A4FE-17ACA6F2158F}.Release|Any CPU.ActiveCfg = Release|Any CPU
		{3017EAA2-460F-4719-A4FE-17ACA6F2158F}.Release|Any CPU.Build.0 = Release|Any CPU
		{7B3C63C8-DF04-40A1-A103-735970084866}.Debug|Any CPU.ActiveCfg = Debug|Any CPU
		{7B3C63C8-DF04-40A1-A103-735970084866}.Debug|Any CPU.Build.0 = Debug|Any CPU
		{7B3C63C8-DF04-40A1-A103-735970084866}.Release|Any CPU.ActiveCfg = Release|Any CPU
		{7B3C63C8-DF04-40A1-A103-735970084866}.Release|Any CPU.Build.0 = Release|Any CPU
		{98498CF6-8723-4ACD-A761-5EBED6F34289}.Debug|Any CPU.ActiveCfg = Debug|Any CPU
		{98498CF6-8723-4ACD-A761-5EBED6F34289}.Debug|Any CPU.Build.0 = Debug|Any CPU
		{98498CF6-8723-4ACD-A761-5EBED6F34289}.Release|Any CPU.ActiveCfg = Release|Any CPU
		{98498CF6-8723-4ACD-A761-5EBED6F34289}.Release|Any CPU.Build.0 = Release|Any CPU
		{3B88D72A-8127-4C76-9C01-6C680B5EE9A3}.Debug|Any CPU.ActiveCfg = Debug|Any CPU
		{3B88D72A-8127-4C76-9C01-6C680B5EE9A3}.Debug|Any CPU.Build.0 = Debug|Any CPU
		{3B88D72A-8127-4C76-9C01-6C680B5EE9A3}.Release|Any CPU.ActiveCfg = Release|Any CPU
		{3B88D72A-8127-4C76-9C01-6C680B5EE9A3}.Release|Any CPU.Build.0 = Release|Any CPU
		{68A78C16-A4E8-423B-9F27-30E652047BEB}.Debug|Any CPU.ActiveCfg = Debug|Any CPU
		{68A78C16-A4E8-423B-9F27-30E652047BEB}.Debug|Any CPU.Build.0 = Debug|Any CPU
		{68A78C16-A4E8-423B-9F27-30E652047BEB}.Release|Any CPU.ActiveCfg = Release|Any CPU
		{68A78C16-A4E8-423B-9F27-30E652047BEB}.Release|Any CPU.Build.0 = Release|Any CPU
		{02AE6044-FDC2-4BCA-9310-5766103D5088}.Debug|Any CPU.ActiveCfg = Debug|Any CPU
		{02AE6044-FDC2-4BCA-9310-5766103D5088}.Debug|Any CPU.Build.0 = Debug|Any CPU
		{02AE6044-FDC2-4BCA-9310-5766103D5088}.Release|Any CPU.ActiveCfg = Release|Any CPU
		{02AE6044-FDC2-4BCA-9310-5766103D5088}.Release|Any CPU.Build.0 = Release|Any CPU
		{98CAF122-EDDD-4A44-B076-999E07408D0C}.Debug|Any CPU.ActiveCfg = Debug|Any CPU
		{98CAF122-EDDD-4A44-B076-999E07408D0C}.Debug|Any CPU.Build.0 = Debug|Any CPU
		{98CAF122-EDDD-4A44-B076-999E07408D0C}.Release|Any CPU.ActiveCfg = Release|Any CPU
		{98CAF122-EDDD-4A44-B076-999E07408D0C}.Release|Any CPU.Build.0 = Release|Any CPU
		{165C6ED0-DA73-4985-903C-5C040BBD7E7B}.Debug|Any CPU.ActiveCfg = Debug|Any CPU
		{165C6ED0-DA73-4985-903C-5C040BBD7E7B}.Debug|Any CPU.Build.0 = Debug|Any CPU
		{165C6ED0-DA73-4985-903C-5C040BBD7E7B}.Release|Any CPU.ActiveCfg = Release|Any CPU
		{165C6ED0-DA73-4985-903C-5C040BBD7E7B}.Release|Any CPU.Build.0 = Release|Any CPU
		{960B026C-B23C-4E29-A9D5-2C3B77E101D2}.Debug|Any CPU.ActiveCfg = Debug|Any CPU
		{960B026C-B23C-4E29-A9D5-2C3B77E101D2}.Debug|Any CPU.Build.0 = Debug|Any CPU
		{960B026C-B23C-4E29-A9D5-2C3B77E101D2}.Release|Any CPU.ActiveCfg = Release|Any CPU
		{960B026C-B23C-4E29-A9D5-2C3B77E101D2}.Release|Any CPU.Build.0 = Release|Any CPU
		{2D9644EA-D275-422E-8FE2-9442F54D3F36}.Debug|Any CPU.ActiveCfg = Debug|Any CPU
		{2D9644EA-D275-422E-8FE2-9442F54D3F36}.Debug|Any CPU.Build.0 = Debug|Any CPU
		{2D9644EA-D275-422E-8FE2-9442F54D3F36}.Release|Any CPU.ActiveCfg = Release|Any CPU
		{2D9644EA-D275-422E-8FE2-9442F54D3F36}.Release|Any CPU.Build.0 = Release|Any CPU
		{31113289-061C-4E16-B00B-6E1B7AF7DCEF}.Debug|Any CPU.ActiveCfg = Debug|Any CPU
		{31113289-061C-4E16-B00B-6E1B7AF7DCEF}.Debug|Any CPU.Build.0 = Debug|Any CPU
		{31113289-061C-4E16-B00B-6E1B7AF7DCEF}.Release|Any CPU.ActiveCfg = Release|Any CPU
		{31113289-061C-4E16-B00B-6E1B7AF7DCEF}.Release|Any CPU.Build.0 = Release|Any CPU
		{AC913D77-24D1-40F6-9231-5826C31FA129}.Debug|Any CPU.ActiveCfg = Debug|Any CPU
		{AC913D77-24D1-40F6-9231-5826C31FA129}.Debug|Any CPU.Build.0 = Debug|Any CPU
		{AC913D77-24D1-40F6-9231-5826C31FA129}.Release|Any CPU.ActiveCfg = Release|Any CPU
		{AC913D77-24D1-40F6-9231-5826C31FA129}.Release|Any CPU.Build.0 = Release|Any CPU
		{121FCE46-4E0E-4D28-929A-3065A3D8B194}.Debug|Any CPU.ActiveCfg = Debug|Any CPU
		{121FCE46-4E0E-4D28-929A-3065A3D8B194}.Debug|Any CPU.Build.0 = Debug|Any CPU
		{121FCE46-4E0E-4D28-929A-3065A3D8B194}.Release|Any CPU.ActiveCfg = Release|Any CPU
		{121FCE46-4E0E-4D28-929A-3065A3D8B194}.Release|Any CPU.Build.0 = Release|Any CPU
		{0D48651C-0DFE-4D47-8161-44D99C49DB93}.Debug|Any CPU.ActiveCfg = Debug|Any CPU
		{0D48651C-0DFE-4D47-8161-44D99C49DB93}.Debug|Any CPU.Build.0 = Debug|Any CPU
		{0D48651C-0DFE-4D47-8161-44D99C49DB93}.Release|Any CPU.ActiveCfg = Release|Any CPU
		{0D48651C-0DFE-4D47-8161-44D99C49DB93}.Release|Any CPU.Build.0 = Release|Any CPU
		{C3A15909-AC0C-428A-AAB2-B5913D543531}.Debug|Any CPU.ActiveCfg = Debug|Any CPU
		{C3A15909-AC0C-428A-AAB2-B5913D543531}.Debug|Any CPU.Build.0 = Debug|Any CPU
		{C3A15909-AC0C-428A-AAB2-B5913D543531}.Release|Any CPU.ActiveCfg = Release|Any CPU
		{C3A15909-AC0C-428A-AAB2-B5913D543531}.Release|Any CPU.Build.0 = Release|Any CPU
		{4832521F-706C-4B80-A6AE-37390A913E7E}.Debug|Any CPU.ActiveCfg = Debug|Any CPU
		{4832521F-706C-4B80-A6AE-37390A913E7E}.Debug|Any CPU.Build.0 = Debug|Any CPU
		{4832521F-706C-4B80-A6AE-37390A913E7E}.Release|Any CPU.ActiveCfg = Release|Any CPU
		{4832521F-706C-4B80-A6AE-37390A913E7E}.Release|Any CPU.Build.0 = Release|Any CPU
		{9C8A1D13-1AE6-4B61-86A6-6F3AE29A21FA}.Debug|Any CPU.ActiveCfg = Debug|Any CPU
		{9C8A1D13-1AE6-4B61-86A6-6F3AE29A21FA}.Debug|Any CPU.Build.0 = Debug|Any CPU
		{9C8A1D13-1AE6-4B61-86A6-6F3AE29A21FA}.Release|Any CPU.ActiveCfg = Release|Any CPU
		{9C8A1D13-1AE6-4B61-86A6-6F3AE29A21FA}.Release|Any CPU.Build.0 = Release|Any CPU
		{82808279-EF89-4EEC-A983-3ABCB96879BB}.Debug|Any CPU.ActiveCfg = Debug|Any CPU
		{82808279-EF89-4EEC-A983-3ABCB96879BB}.Debug|Any CPU.Build.0 = Debug|Any CPU
		{82808279-EF89-4EEC-A983-3ABCB96879BB}.Release|Any CPU.ActiveCfg = Release|Any CPU
		{82808279-EF89-4EEC-A983-3ABCB96879BB}.Release|Any CPU.Build.0 = Release|Any CPU
		{855F54FA-75B5-46A3-830A-1FAF9A4A6165}.Debug|Any CPU.ActiveCfg = Debug|Any CPU
		{855F54FA-75B5-46A3-830A-1FAF9A4A6165}.Debug|Any CPU.Build.0 = Debug|Any CPU
		{855F54FA-75B5-46A3-830A-1FAF9A4A6165}.Release|Any CPU.ActiveCfg = Release|Any CPU
		{855F54FA-75B5-46A3-830A-1FAF9A4A6165}.Release|Any CPU.Build.0 = Release|Any CPU
		{3C379013-E657-475D-9358-B3E09C32F24D}.Debug|Any CPU.ActiveCfg = Debug|Any CPU
		{3C379013-E657-475D-9358-B3E09C32F24D}.Debug|Any CPU.Build.0 = Debug|Any CPU
		{3C379013-E657-475D-9358-B3E09C32F24D}.Release|Any CPU.ActiveCfg = Release|Any CPU
		{3C379013-E657-475D-9358-B3E09C32F24D}.Release|Any CPU.Build.0 = Release|Any CPU
		{2FB8B2BA-BA4F-421F-9CCF-E385C5674D6E}.Debug|Any CPU.ActiveCfg = Debug|Any CPU
		{2FB8B2BA-BA4F-421F-9CCF-E385C5674D6E}.Debug|Any CPU.Build.0 = Debug|Any CPU
		{2FB8B2BA-BA4F-421F-9CCF-E385C5674D6E}.Release|Any CPU.ActiveCfg = Release|Any CPU
		{2FB8B2BA-BA4F-421F-9CCF-E385C5674D6E}.Release|Any CPU.Build.0 = Release|Any CPU
	EndGlobalSection
	GlobalSection(SolutionProperties) = preSolution
		HideSolutionNode = FALSE
	EndGlobalSection
	GlobalSection(NestedProjects) = preSolution
		{586CE094-1CDB-4198-9FB2-A4731D72202A} = {66761495-AB98-4AE5-ACAE-150276AA3EBD}
		{31FDE645-DB88-49B0-82FE-F77533FC6E42} = {66761495-AB98-4AE5-ACAE-150276AA3EBD}
		{FD41C5D7-EBE0-40B1-A173-C44276868B82} = {66761495-AB98-4AE5-ACAE-150276AA3EBD}
		{3017EAA2-460F-4719-A4FE-17ACA6F2158F} = {ECE70E60-EEA0-47A2-9C86-9E09F216119F}
		{7B3C63C8-DF04-40A1-A103-735970084866} = {ECE70E60-EEA0-47A2-9C86-9E09F216119F}
		{98498CF6-8723-4ACD-A761-5EBED6F34289} = {ECE70E60-EEA0-47A2-9C86-9E09F216119F}
		{3B88D72A-8127-4C76-9C01-6C680B5EE9A3} = {46C3DA5B-1A0E-46FC-926C-826A7CC138D4}
		{68A78C16-A4E8-423B-9F27-30E652047BEB} = {46C3DA5B-1A0E-46FC-926C-826A7CC138D4}
		{02AE6044-FDC2-4BCA-9310-5766103D5088} = {46C3DA5B-1A0E-46FC-926C-826A7CC138D4}
		{98CAF122-EDDD-4A44-B076-999E07408D0C} = {CB405D65-AC88-4AA6-B4D0-08F0725DA96B}
		{165C6ED0-DA73-4985-903C-5C040BBD7E7B} = {CB405D65-AC88-4AA6-B4D0-08F0725DA96B}
		{960B026C-B23C-4E29-A9D5-2C3B77E101D2} = {CB405D65-AC88-4AA6-B4D0-08F0725DA96B}
		{2D9644EA-D275-422E-8FE2-9442F54D3F36} = {D09630FB-3790-419D-8A66-B0AFD1C3BCD6}
		{31113289-061C-4E16-B00B-6E1B7AF7DCEF} = {D09630FB-3790-419D-8A66-B0AFD1C3BCD6}
		{AC913D77-24D1-40F6-9231-5826C31FA129} = {D09630FB-3790-419D-8A66-B0AFD1C3BCD6}
		{121FCE46-4E0E-4D28-929A-3065A3D8B194} = {3BEE26C8-7146-40DC-BF8D-652308A86CD6}
		{0D48651C-0DFE-4D47-8161-44D99C49DB93} = {3BEE26C8-7146-40DC-BF8D-652308A86CD6}
		{C3A15909-AC0C-428A-AAB2-B5913D543531} = {3BEE26C8-7146-40DC-BF8D-652308A86CD6}
		{4832521F-706C-4B80-A6AE-37390A913E7E} = {A642227F-2F23-486F-A988-48EC90C56DD7}
		{9C8A1D13-1AE6-4B61-86A6-6F3AE29A21FA} = {A642227F-2F23-486F-A988-48EC90C56DD7}
		{82808279-EF89-4EEC-A983-3ABCB96879BB} = {A642227F-2F23-486F-A988-48EC90C56DD7}
		{855F54FA-75B5-46A3-830A-1FAF9A4A6165} = {97C9E639-CBC2-4A06-B174-46B9E8C2090E}
		{3C379013-E657-475D-9358-B3E09C32F24D} = {97C9E639-CBC2-4A06-B174-46B9E8C2090E}
		{2FB8B2BA-BA4F-421F-9CCF-E385C5674D6E} = {97C9E639-CBC2-4A06-B174-46B9E8C2090E}
	EndGlobalSection
	GlobalSection(ExtensibilityGlobals) = postSolution
		SolutionGuid = {21DE82CA-5E0E-4256-B108-CB94F1689F3A}
	EndGlobalSection
EndGlobal
